// !$*UTF8*$!
{
	archiveVersion = 1;
	classes = {
	};
	objectVersion = 56;
	objects = {

/* Begin PBXBuildFile section */
		13BDFC212AD7E69500505E3D /* AppDelegate.swift in Sources */ = {isa = PBXBuildFile; fileRef = 13BDFC202AD7E69500505E3D /* AppDelegate.swift */; };
		13BDFC252AD7E69500505E3D /* ViewController.swift in Sources */ = {isa = PBXBuildFile; fileRef = 13BDFC242AD7E69500505E3D /* ViewController.swift */; };
		13BDFC282AD7E69500505E3D /* Main.storyboard in Resources */ = {isa = PBXBuildFile; fileRef = 13BDFC262AD7E69500505E3D /* Main.storyboard */; };
		13BDFC2A2AD7E69500505E3D /* Assets.xcassets in Resources */ = {isa = PBXBuildFile; fileRef = 13BDFC292AD7E69500505E3D /* Assets.xcassets */; };
		13BDFC2D2AD7E69500505E3D /* LaunchScreen.storyboard in Resources */ = {isa = PBXBuildFile; fileRef = 13BDFC2B2AD7E69500505E3D /* LaunchScreen.storyboard */; };
		13BDFC352AD7F04800505E3D /* SliderView.swift in Sources */ = {isa = PBXBuildFile; fileRef = 13BDFC342AD7F04800505E3D /* SliderView.swift */; };
		3EBA00B3766A4F809124A586 /* Pods_GradualSliderView.framework in Frameworks */ = {isa = PBXBuildFile; fileRef = E785994C39EE58A1F4711A42 /* Pods_GradualSliderView.framework */; };
/* End PBXBuildFile section */

/* Begin PBXFileReference section */
		13BDFC1D2AD7E69500505E3D /* GradualSliderView.app */ = {isa = PBXFileReference; explicitFileType = wrapper.application; includeInIndex = 0; path = GradualSliderView.app; sourceTree = BUILT_PRODUCTS_DIR; };
		13BDFC202AD7E69500505E3D /* AppDelegate.swift */ = {isa = PBXFileReference; lastKnownFileType = sourcecode.swift; path = AppDelegate.swift; sourceTree = "<group>"; };
		13BDFC242AD7E69500505E3D /* ViewController.swift */ = {isa = PBXFileReference; lastKnownFileType = sourcecode.swift; path = ViewController.swift; sourceTree = "<group>"; };
		13BDFC272AD7E69500505E3D /* Base */ = {isa = PBXFileReference; lastKnownFileType = file.storyboard; name = Base; path = Base.lproj/Main.storyboard; sourceTree = "<group>"; };
		13BDFC292AD7E69500505E3D /* Assets.xcassets */ = {isa = PBXFileReference; lastKnownFileType = folder.assetcatalog; path = Assets.xcassets; sourceTree = "<group>"; };
		13BDFC2C2AD7E69500505E3D /* Base */ = {isa = PBXFileReference; lastKnownFileType = file.storyboard; name = Base; path = Base.lproj/LaunchScreen.storyboard; sourceTree = "<group>"; };
		13BDFC2E2AD7E69500505E3D /* Info.plist */ = {isa = PBXFileReference; lastKnownFileType = text.plist.xml; path = Info.plist; sourceTree = "<group>"; };
		13BDFC342AD7F04800505E3D /* SliderView.swift */ = {isa = PBXFileReference; lastKnownFileType = sourcecode.swift; path = SliderView.swift; sourceTree = "<group>"; };
		15D38BABBD6F66C0189CDCE8 /* Pods-GradualSliderView.debug.xcconfig */ = {isa = PBXFileReference; includeInIndex = 1; lastKnownFileType = text.xcconfig; name = "Pods-GradualSliderView.debug.xcconfig"; path = "Target Support Files/Pods-GradualSliderView/Pods-GradualSliderView.debug.xcconfig"; sourceTree = "<group>"; };
		77B789F1AD0F1DB1625105BD /* Pods-GradualSliderView.release.xcconfig */ = {isa = PBXFileReference; includeInIndex = 1; lastKnownFileType = text.xcconfig; name = "Pods-GradualSliderView.release.xcconfig"; path = "Target Support Files/Pods-GradualSliderView/Pods-GradualSliderView.release.xcconfig"; sourceTree = "<group>"; };
		E785994C39EE58A1F4711A42 /* Pods_GradualSliderView.framework */ = {isa = PBXFileReference; explicitFileType = wrapper.framework; includeInIndex = 0; path = Pods_GradualSliderView.framework; sourceTree = BUILT_PRODUCTS_DIR; };
/* End PBXFileReference section */

/* Begin PBXFrameworksBuildPhase section */
		13BDFC1A2AD7E69500505E3D /* Frameworks */ = {
			isa = PBXFrameworksBuildPhase;
			buildActionMask = 2147483647;
			files = (
				3EBA00B3766A4F809124A586 /* Pods_GradualSliderView.framework in Frameworks */,
			);
			runOnlyForDeploymentPostprocessing = 0;
		};
/* End PBXFrameworksBuildPhase section */

/* Begin PBXGroup section */
		13BDFC142AD7E69500505E3D = {
			isa = PBXGroup;
			children = (
				13BDFC1F2AD7E69500505E3D /* GradualSliderView */,
				13BDFC1E2AD7E69500505E3D /* Products */,
				13F145B99D626A791932FA29 /* Pods */,
				24DD62C7DF710D4B28620344 /* Frameworks */,
			);
			sourceTree = "<group>";
		};
		13BDFC1E2AD7E69500505E3D /* Products */ = {
			isa = PBXGroup;
			children = (
				13BDFC1D2AD7E69500505E3D /* GradualSliderView.app */,
			);
			name = Products;
			sourceTree = "<group>";
		};
		13BDFC1F2AD7E69500505E3D /* GradualSliderView */ = {
			isa = PBXGroup;
			children = (
				13BDFC202AD7E69500505E3D /* AppDelegate.swift */,
				13BDFC242AD7E69500505E3D /* ViewController.swift */,
				13BDFC342AD7F04800505E3D /* SliderView.swift */,
				13BDFC262AD7E69500505E3D /* Main.storyboard */,
				13BDFC292AD7E69500505E3D /* Assets.xcassets */,
				13BDFC2B2AD7E69500505E3D /* LaunchScreen.storyboard */,
				13BDFC2E2AD7E69500505E3D /* Info.plist */,
			);
			path = GradualSliderView;
			sourceTree = "<group>";
		};
		13F145B99D626A791932FA29 /* Pods */ = {
			isa = PBXGroup;
			children = (
				15D38BABBD6F66C0189CDCE8 /* Pods-GradualSliderView.debug.xcconfig */,
				77B789F1AD0F1DB1625105BD /* Pods-GradualSliderView.release.xcconfig */,
			);
			path = Pods;
			sourceTree = "<group>";
		};
		24DD62C7DF710D4B28620344 /* Frameworks */ = {
			isa = PBXGroup;
			children = (
				E785994C39EE58A1F4711A42 /* Pods_GradualSliderView.framework */,
			);
			name = Frameworks;
			sourceTree = "<group>";
		};
/* End PBXGroup section */

/* Begin PBXNativeTarget section */
		13BDFC1C2AD7E69500505E3D /* GradualSliderView */ = {
			isa = PBXNativeTarget;
			buildConfigurationList = 13BDFC312AD7E69500505E3D /* Build configuration list for PBXNativeTarget "GradualSliderView" */;
			buildPhases = (
				C723631F3F4D98F1833C7CD7 /* [CP] Check Pods Manifest.lock */,
				13BDFC192AD7E69500505E3D /* Sources */,
				13BDFC1A2AD7E69500505E3D /* Frameworks */,
				13BDFC1B2AD7E69500505E3D /* Resources */,
				7A9CA1D01C50BFBAB38A5386 /* [CP] Embed Pods Frameworks */,
			);
			buildRules = (
			);
			dependencies = (
			);
			name = GradualSliderView;
			productName = GradualSliderView;
			productReference = 13BDFC1D2AD7E69500505E3D /* GradualSliderView.app */;
			productType = "com.apple.product-type.application";
		};
/* End PBXNativeTarget section */

/* Begin PBXProject section */
		13BDFC152AD7E69500505E3D /* Project object */ = {
			isa = PBXProject;
			attributes = {
				BuildIndependentTargetsInParallel = 1;
				LastSwiftUpdateCheck = 1420;
				LastUpgradeCheck = 1420;
				TargetAttributes = {
					13BDFC1C2AD7E69500505E3D = {
						CreatedOnToolsVersion = 14.2;
					};
				};
			};
			buildConfigurationList = 13BDFC182AD7E69500505E3D /* Build configuration list for PBXProject "GradualSliderView" */;
			compatibilityVersion = "Xcode 14.0";
			developmentRegion = en;
			hasScannedForEncodings = 0;
			knownRegions = (
				en,
				Base,
			);
			mainGroup = 13BDFC142AD7E69500505E3D;
			productRefGroup = 13BDFC1E2AD7E69500505E3D /* Products */;
			projectDirPath = "";
			projectRoot = "";
			targets = (
				13BDFC1C2AD7E69500505E3D /* GradualSliderView */,
			);
		};
/* End PBXProject section */

/* Begin PBXResourcesBuildPhase section */
		13BDFC1B2AD7E69500505E3D /* Resources */ = {
			isa = PBXResourcesBuildPhase;
			buildActionMask = 2147483647;
			files = (
				13BDFC2D2AD7E69500505E3D /* LaunchScreen.storyboard in Resources */,
				13BDFC2A2AD7E69500505E3D /* Assets.xcassets in Resources */,
				13BDFC282AD7E69500505E3D /* Main.storyboard in Resources */,
			);
			runOnlyForDeploymentPostprocessing = 0;
		};
/* End PBXResourcesBuildPhase section */

/* Begin PBXShellScriptBuildPhase section */
		7A9CA1D01C50BFBAB38A5386 /* [CP] Embed Pods Frameworks */ = {
			isa = PBXShellScriptBuildPhase;
			buildActionMask = 2147483647;
			files = (
			);
			inputFileListPaths = (
				"${PODS_ROOT}/Target Support Files/Pods-GradualSliderView/Pods-GradualSliderView-frameworks-${CONFIGURATION}-input-files.xcfilelist",
			);
			name = "[CP] Embed Pods Frameworks";
			outputFileListPaths = (
				"${PODS_ROOT}/Target Support Files/Pods-GradualSliderView/Pods-GradualSliderView-frameworks-${CONFIGURATION}-output-files.xcfilelist",
			);
			runOnlyForDeploymentPostprocessing = 0;
			shellPath = /bin/sh;
			shellScript = "\"${PODS_ROOT}/Target Support Files/Pods-GradualSliderView/Pods-GradualSliderView-frameworks.sh\"\n";
			showEnvVarsInLog = 0;
		};
		C723631F3F4D98F1833C7CD7 /* [CP] Check Pods Manifest.lock */ = {
			isa = PBXShellScriptBuildPhase;
			buildActionMask = 2147483647;
			files = (
			);
			inputFileListPaths = (
			);
			inputPaths = (
				"${PODS_PODFILE_DIR_PATH}/Podfile.lock",
				"${PODS_ROOT}/Manifest.lock",
			);
			name = "[CP] Check Pods Manifest.lock";
			outputFileListPaths = (
			);
			outputPaths = (
				"$(DERIVED_FILE_DIR)/Pods-GradualSliderView-checkManifestLockResult.txt",
			);
			runOnlyForDeploymentPostprocessing = 0;
			shellPath = /bin/sh;
			shellScript = "diff \"${PODS_PODFILE_DIR_PATH}/Podfile.lock\" \"${PODS_ROOT}/Manifest.lock\" > /dev/null\nif [ $? != 0 ] ; then\n    # print error to STDERR\n    echo \"error: The sandbox is not in sync with the Podfile.lock. Run 'pod install' or update your CocoaPods installation.\" >&2\n    exit 1\nfi\n# This output is used by Xcode 'outputs' to avoid re-running this script phase.\necho \"SUCCESS\" > \"${SCRIPT_OUTPUT_FILE_0}\"\n";
			showEnvVarsInLog = 0;
		};
/* End PBXShellScriptBuildPhase section */

/* Begin PBXSourcesBuildPhase section */
		13BDFC192AD7E69500505E3D /* Sources */ = {
			isa = PBXSourcesBuildPhase;
			buildActionMask = 2147483647;
			files = (
				13BDFC352AD7F04800505E3D /* SliderView.swift in Sources */,
				13BDFC252AD7E69500505E3D /* ViewController.swift in Sources */,
				13BDFC212AD7E69500505E3D /* AppDelegate.swift in Sources */,
			);
			runOnlyForDeploymentPostprocessing = 0;
		};
/* End PBXSourcesBuildPhase section */

/* Begin PBXVariantGroup section */
		13BDFC262AD7E69500505E3D /* Main.storyboard */ = {
			isa = PBXVariantGroup;
			children = (
				13BDFC272AD7E69500505E3D /* Base */,
			);
			name = Main.storyboard;
			sourceTree = "<group>";
		};
		13BDFC2B2AD7E69500505E3D /* LaunchScreen.storyboard */ = {
			isa = PBXVariantGroup;
			children = (
				13BDFC2C2AD7E69500505E3D /* Base */,
			);
			name = LaunchScreen.storyboard;
			sourceTree = "<group>";
		};
/* End PBXVariantGroup section */

/* Begin XCBuildConfiguration section */
		13BDFC2F2AD7E69500505E3D /* Debug */ = {
			isa = XCBuildConfiguration;
			buildSettings = {
				ALWAYS_SEARCH_USER_PATHS = NO;
				CLANG_ANALYZER_NONNULL = YES;
				CLANG_ANALYZER_NUMBER_OBJECT_CONVERSION = YES_AGGRESSIVE;
				CLANG_CXX_LANGUAGE_STANDARD = "gnu++20";
				CLANG_ENABLE_MODULES = YES;
				CLANG_ENABLE_OBJC_ARC = YES;
				CLANG_ENABLE_OBJC_WEAK = YES;
				CLANG_WARN_BLOCK_CAPTURE_AUTORELEASING = YES;
				CLANG_WARN_BOOL_CONVERSION = YES;
				CLANG_WARN_COMMA = YES;
				CLANG_WARN_CONSTANT_CONVERSION = YES;
				CLANG_WARN_DEPRECATED_OBJC_IMPLEMENTATIONS = YES;
				CLANG_WARN_DIRECT_OBJC_ISA_USAGE = YES_ERROR;
				CLANG_WARN_DOCUMENTATION_COMMENTS = YES;
				CLANG_WARN_EMPTY_BODY = YES;
				CLANG_WARN_ENUM_CONVERSION = YES;
				CLANG_WARN_INFINITE_RECURSION = YES;
				CLANG_WARN_INT_CONVERSION = YES;
				CLANG_WARN_NON_LITERAL_NULL_CONVERSION = YES;
				CLANG_WARN_OBJC_IMPLICIT_RETAIN_SELF = YES;
				CLANG_WARN_OBJC_LITERAL_CONVERSION = YES;
				CLANG_WARN_OBJC_ROOT_CLASS = YES_ERROR;
				CLANG_WARN_QUOTED_INCLUDE_IN_FRAMEWORK_HEADER = YES;
				CLANG_WARN_RANGE_LOOP_ANALYSIS = YES;
				CLANG_WARN_STRICT_PROTOTYPES = YES;
				CLANG_WARN_SUSPICIOUS_MOVE = YES;
				CLANG_WARN_UNGUARDED_AVAILABILITY = YES_AGGRESSIVE;
				CLANG_WARN_UNREACHABLE_CODE = YES;
				CLANG_WARN__DUPLICATE_METHOD_MATCH = YES;
				COPY_PHASE_STRIP = NO;
				DEBUG_INFORMATION_FORMAT = dwarf;
				ENABLE_STRICT_OBJC_MSGSEND = YES;
				ENABLE_TESTABILITY = YES;
				GCC_C_LANGUAGE_STANDARD = gnu11;
				GCC_DYNAMIC_NO_PIC = NO;
				GCC_NO_COMMON_BLOCKS = YES;
				GCC_OPTIMIZATION_LEVEL = 0;
				GCC_PREPROCESSOR_DEFINITIONS = (
					"DEBUG=1",
					"$(inherited)",
				);
				GCC_WARN_64_TO_32_BIT_CONVERSION = YES;
				GCC_WARN_ABOUT_RETURN_TYPE = YES_ERROR;
				GCC_WARN_UNDECLARED_SELECTOR = YES;
				GCC_WARN_UNINITIALIZED_AUTOS = YES_AGGRESSIVE;
				GCC_WARN_UNUSED_FUNCTION = YES;
				GCC_WARN_UNUSED_VARIABLE = YES;
				IPHONEOS_DEPLOYMENT_TARGET = 16.2;
				MTL_ENABLE_DEBUG_INFO = INCLUDE_SOURCE;
				MTL_FAST_MATH = YES;
				ONLY_ACTIVE_ARCH = YES;
				SDKROOT = iphoneos;
				SWIFT_ACTIVE_COMPILATION_CONDITIONS = DEBUG;
				SWIFT_OPTIMIZATION_LEVEL = "-Onone";
			};
			name = Debug;
		};
		13BDFC302AD7E69500505E3D /* Release */ = {
			isa = XCBuildConfiguration;
			buildSettings = {
				ALWAYS_SEARCH_USER_PATHS = NO;
				CLANG_ANALYZER_NONNULL = YES;
				CLANG_ANALYZER_NUMBER_OBJECT_CONVERSION = YES_AGGRESSIVE;
				CLANG_CXX_LANGUAGE_STANDARD = "gnu++20";
				CLANG_ENABLE_MODULES = YES;
				CLANG_ENABLE_OBJC_ARC = YES;
				CLANG_ENABLE_OBJC_WEAK = YES;
				CLANG_WARN_BLOCK_CAPTURE_AUTORELEASING = YES;
				CLANG_WARN_BOOL_CONVERSION = YES;
				CLANG_WARN_COMMA = YES;
				CLANG_WARN_CONSTANT_CONVERSION = YES;
				CLANG_WARN_DEPRECATED_OBJC_IMPLEMENTATIONS = YES;
				CLANG_WARN_DIRECT_OBJC_ISA_USAGE = YES_ERROR;
				CLANG_WARN_DOCUMENTATION_COMMENTS = YES;
				CLANG_WARN_EMPTY_BODY = YES;
				CLANG_WARN_ENUM_CONVERSION = YES;
				CLANG_WARN_INFINITE_RECURSION = YES;
				CLANG_WARN_INT_CONVERSION = YES;
				CLANG_WARN_NON_LITERAL_NULL_CONVERSION = YES;
				CLANG_WARN_OBJC_IMPLICIT_RETAIN_SELF = YES;
				CLANG_WARN_OBJC_LITERAL_CONVERSION = YES;
				CLANG_WARN_OBJC_ROOT_CLASS = YES_ERROR;
				CLANG_WARN_QUOTED_INCLUDE_IN_FRAMEWORK_HEADER = YES;
				CLANG_WARN_RANGE_LOOP_ANALYSIS = YES;
				CLANG_WARN_STRICT_PROTOTYPES = YES;
				CLANG_WARN_SUSPICIOUS_MOVE = YES;
				CLANG_WARN_UNGUARDED_AVAILABILITY = YES_AGGRESSIVE;
				CLANG_WARN_UNREACHABLE_CODE = YES;
				CLANG_WARN__DUPLICATE_METHOD_MATCH = YES;
				COPY_PHASE_STRIP = NO;
				DEBUG_INFORMATION_FORMAT = "dwarf-with-dsym";
				ENABLE_NS_ASSERTIONS = NO;
				ENABLE_STRICT_OBJC_MSGSEND = YES;
				GCC_C_LANGUAGE_STANDARD = gnu11;
				GCC_NO_COMMON_BLOCKS = YES;
				GCC_WARN_64_TO_32_BIT_CONVERSION = YES;
				GCC_WARN_ABOUT_RETURN_TYPE = YES_ERROR;
				GCC_WARN_UNDECLARED_SELECTOR = YES;
				GCC_WARN_UNINITIALIZED_AUTOS = YES_AGGRESSIVE;
				GCC_WARN_UNUSED_FUNCTION = YES;
				GCC_WARN_UNUSED_VARIABLE = YES;
				IPHONEOS_DEPLOYMENT_TARGET = 16.2;
				MTL_ENABLE_DEBUG_INFO = NO;
				MTL_FAST_MATH = YES;
				SDKROOT = iphoneos;
				SWIFT_COMPILATION_MODE = wholemodule;
				SWIFT_OPTIMIZATION_LEVEL = "-O";
				VALIDATE_PRODUCT = YES;
			};
			name = Release;
		};
		13BDFC322AD7E69500505E3D /* Debug */ = {
			isa = XCBuildConfiguration;
			baseConfigurationReference = 15D38BABBD6F66C0189CDCE8 /* Pods-GradualSliderView.debug.xcconfig */;
			buildSettings = {
				ASSETCATALOG_COMPILER_APPICON_NAME = AppIcon;
				ASSETCATALOG_COMPILER_GLOBAL_ACCENT_COLOR_NAME = AccentColor;
				CODE_SIGN_STYLE = Automatic;
				CURRENT_PROJECT_VERSION = 1;
				GENERATE_INFOPLIST_FILE = YES;
				INFOPLIST_FILE = GradualSliderView/Info.plist;
				INFOPLIST_KEY_UIApplicationSupportsIndirectInputEvents = YES;
				INFOPLIST_KEY_UILaunchStoryboardName = LaunchScreen;
				INFOPLIST_KEY_UIMainStoryboardFile = Main;
				INFOPLIST_KEY_UISupportedInterfaceOrientations = UIInterfaceOrientationPortrait;
				INFOPLIST_KEY_UISupportedInterfaceOrientations_iPad = "UIInterfaceOrientationLandscapeLeft UIInterfaceOrientationLandscapeRight UIInterfaceOrientationPortrait UIInterfaceOrientationPortraitUpsideDown";
				IPHONEOS_DEPLOYMENT_TARGET = 13.0;
				LD_RUNPATH_SEARCH_PATHS = (
					"$(inherited)",
					"@executable_path/Frameworks",
				);
				MARKETING_VERSION = 1.0;
				PRODUCT_BUNDLE_IDENTIFIER = com.GradualSliderView;
				PRODUCT_NAME = "$(TARGET_NAME)";
				SUPPORTED_PLATFORMS = "iphoneos iphonesimulator";
				SUPPORTS_MACCATALYST = NO;
				SUPPORTS_MAC_DESIGNED_FOR_IPHONE_IPAD = NO;
				SWIFT_EMIT_LOC_STRINGS = YES;
				SWIFT_VERSION = 5.0;
				TARGETED_DEVICE_FAMILY = 1;
			};
			name = Debug;
		};
		13BDFC332AD7E69500505E3D /* Release */ = {
			isa = XCBuildConfiguration;
			baseConfigurationReference = 77B789F1AD0F1DB1625105BD /* Pods-GradualSliderView.release.xcconfig */;
			buildSettings = {
				ASSETCATALOG_COMPILER_APPICON_NAME = AppIcon;
				ASSETCATALOG_COMPILER_GLOBAL_ACCENT_COLOR_NAME = AccentColor;
				CODE_SIGN_STYLE = Automatic;
				CURRENT_PROJECT_VERSION = 1;
				GENERATE_INFOPLIST_FILE = YES;
				INFOPLIST_FILE = GradualSliderView/Info.plist;
				INFOPLIST_KEY_UIApplicationSupportsIndirectInputEvents = YES;
				INFOPLIST_KEY_UILaunchStoryboardName = LaunchScreen;
				INFOPLIST_KEY_UIMainStoryboardFile = Main;
				INFOPLIST_KEY_UISupportedInterfaceOrientations = UIInterfaceOrientationPortrait;
				INFOPLIST_KEY_UISupportedInterfaceOrientations_iPad = "UIInterfaceOrientationLandscapeLeft UIInterfaceOrientationLandscapeRight UIInterfaceOrientationPortrait UIInterfaceOrientationPortraitUpsideDown";
				IPHONEOS_DEPLOYMENT_TARGET = 13.0;
				LD_RUNPATH_SEARCH_PATHS = (
					"$(inherited)",
					"@executable_path/Frameworks",
				);
				MARKETING_VERSION = 1.0;
				PRODUCT_BUNDLE_IDENTIFIER = com.GradualSliderView;
				PRODUCT_NAME = "$(TARGET_NAME)";
				SUPPORTED_PLATFORMS = "iphoneos iphonesimulator";
				SUPPORTS_MACCATALYST = NO;
				SUPPORTS_MAC_DESIGNED_FOR_IPHONE_IPAD = NO;
				SWIFT_EMIT_LOC_STRINGS = YES;
				SWIFT_VERSION = 5.0;
				TARGETED_DEVICE_FAMILY = 1;
			};
			name = Release;
		};
/* End XCBuildConfiguration section */

/* Begin XCConfigurationList section */
		13BDFC182AD7E69500505E3D /* Build configuration list for PBXProject "GradualSliderView" */ = {
			isa = XCConfigurationList;
			buildConfigurations = (
				13BDFC2F2AD7E69500505E3D /* Debug */,
				13BDFC302AD7E69500505E3D /* Release */,
			);
			defaultConfigurationIsVisible = 0;
			defaultConfigurationName = Release;
		};
		13BDFC312AD7E69500505E3D /* Build configuration list for PBXNativeTarget "GradualSliderView" */ = {
			isa = XCConfigurationList;
			buildConfigurations = (
				13BDFC322AD7E69500505E3D /* Debug */,
				13BDFC332AD7E69500505E3D /* Release */,
			);
			defaultConfigurationIsVisible = 0;
			defaultConfigurationName = Release;
		};
/* End XCConfigurationList section */
	};
	rootObject = 13BDFC152AD7E69500505E3D /* Project object */;
}
